
Microsoft Visual Studio Solution File, Format Version 12.00
# Visual Studio Version 17
VisualStudioVersion = 17.7.34003.232
MinimumVisualStudioVersion = 10.0.40219.1
Project("{FAE04EC0-301F-11D3-BF4B-00C04F79EFBC}") = "Fibonacci", "Fibonacci.csproj", "{63E03B5A-12FE-4712-A5FC-53089D486C1D}"
EndProject
Global
	GlobalSection(SolutionConfigurationPlatforms) = preSolution
		Debug|Any CPU = Debug|Any CPU
		Release|Any CPU = Release|Any CPU
	EndGlobalSection
	GlobalSection(ProjectConfigurationPlatforms) = postSolution
		{63E03B5A-12FE-4712-A5FC-53089D486C1D}.Debug|Any CPU.ActiveCfg = Debug|Any CPU
		{63E03B5A-12FE-4712-A5FC-53089D486C1D}.Debug|Any CPU.Build.0 = Debug|Any CPU
		{63E03B5A-12FE-4712-A5FC-53089D486C1D}.Release|Any CPU.ActiveCfg = Release|Any CPU
		{63E03B5A-12FE-4712-A5FC-53089D486C1D}.Release|Any CPU.Build.0 = Release|Any CPU
	EndGlobalSection
	GlobalSection(SolutionProperties) = preSolution
		HideSolutionNode = FALSE
	EndGlobalSection
	GlobalSection(ExtensibilityGlobals) = postSolution
		SolutionGuid = {985EEDDB-4D8A-4C76-B20B-376E1F85D2D6}
	EndGlobalSection
EndGlobal
